{
  "lockfileVersion": 1,
  "configVersion": 1,
  "workspaces": {
    "": {
      "name": "fred",
      "dependencies": {
        "ai": "^6.0.0",
        "js-yaml": "^4.1.0",
        "zod": "^4.0.0",
      },
      "devDependencies": {
        "@types/bun": "latest",
        "@types/js-yaml": "^4.0.9",
        "chokidar": "^5.0.0",
      },
      "peerDependencies": {
        "@ai-sdk/amazon-bedrock": "^4.0.0",
        "@ai-sdk/anthropic": "^3.0.0",
        "@ai-sdk/azure": "^3.0.0",
        "@ai-sdk/baseten": "^1.0.0",
        "@ai-sdk/cerebras": "^2.0.0",
        "@ai-sdk/cohere": "^3.0.0",
        "@ai-sdk/deepinfra": "^2.0.0",
        "@ai-sdk/deepseek": "^2.0.0",
        "@ai-sdk/elevenlabs": "^2.0.0",
        "@ai-sdk/fireworks": "^2.0.0",
        "@ai-sdk/google": "^3.0.0",
        "@ai-sdk/groq": "^3.0.10",
        "@ai-sdk/mistral": "^3.0.0",
        "@ai-sdk/openai": "^3.0.0",
        "@ai-sdk/perplexity": "^3.0.0",
        "@ai-sdk/replicate": "^2.0.0",
        "@ai-sdk/togetherai": "^2.0.0",
        "@ai-sdk/vercel": "^2.0.0",
        "@ai-sdk/xai": "^3.0.0",
        "ai-sdk-ollama": "^0.5.0",
      },
      "optionalPeers": [
        "@ai-sdk/amazon-bedrock",
        "@ai-sdk/anthropic",
        "@ai-sdk/azure",
        "@ai-sdk/baseten",
        "@ai-sdk/cerebras",
        "@ai-sdk/cohere",
        "@ai-sdk/deepinfra",
        "@ai-sdk/deepseek",
        "@ai-sdk/elevenlabs",
        "@ai-sdk/fireworks",
        "@ai-sdk/google",
        "@ai-sdk/groq",
        "@ai-sdk/mistral",
        "@ai-sdk/openai",
        "@ai-sdk/perplexity",
        "@ai-sdk/replicate",
        "@ai-sdk/togetherai",
        "@ai-sdk/vercel",
        "@ai-sdk/xai",
        "ai-sdk-ollama",
      ],
    },
  },
  "packages": {
    "@ai-sdk/gateway": ["@ai-sdk/gateway@3.0.16", "", { "dependencies": { "@ai-sdk/provider": "3.0.4", "@ai-sdk/provider-utils": "4.0.8", "@vercel/oidc": "3.1.0" }, "peerDependencies": { "zod": "^3.25.76 || ^4.1.8" } }, "sha512-OOY5CfRJiHvh/8np2vs1RQaCZ5hWv2qOeEmmeiABXK3gLQHUVnCO+1hhoLsZdHM5iElu6M407dAOfyvTsKJqcQ=="],

    "@ai-sdk/groq": ["@ai-sdk/groq@3.0.10", "", { "dependencies": { "@ai-sdk/provider": "3.0.4", "@ai-sdk/provider-utils": "4.0.8" }, "peerDependencies": { "zod": "^3.25.76 || ^4.1.8" } }, "sha512-kwIsEoDyKaHGv6p/vYUQBJixiSB/tuHFigsxU8HGKXoP9C/ERckyfs5ze/oVmj/amtC99K8T5DmbHubltOhMqg=="],

    "@ai-sdk/provider": ["@ai-sdk/provider@3.0.4", "", { "dependencies": { "json-schema": "^0.4.0" } }, "sha512-5KXyBOSEX+l67elrEa+wqo/LSsSTtrPj9Uoh3zMbe/ceQX4ucHI3b9nUEfNkGF3Ry1svv90widAt+aiKdIJasQ=="],

    "@ai-sdk/provider-utils": ["@ai-sdk/provider-utils@4.0.8", "", { "dependencies": { "@ai-sdk/provider": "3.0.4", "@standard-schema/spec": "^1.1.0", "eventsource-parser": "^3.0.6" }, "peerDependencies": { "zod": "^3.25.76 || ^4.1.8" } }, "sha512-ns9gN7MmpI8vTRandzgz+KK/zNMLzhrriiKECMt4euLtQFSBgNfydtagPOX4j4pS1/3KvHF6RivhT3gNQgBZsg=="],

    "@opentelemetry/api": ["@opentelemetry/api@1.9.0", "", {}, "sha512-3giAOQvZiH5F9bMlMiv8+GSPMeqg0dbaeo58/0SlA9sxSqZhnUtxzX9/2FzyhS9sWQf5S0GJE0AKBrFqjpeYcg=="],

    "@standard-schema/spec": ["@standard-schema/spec@1.1.0", "", {}, "sha512-l2aFy5jALhniG5HgqrD6jXLi/rUWrKvqN/qJx6yoJsgKhblVd+iqqU4RCXavm/jPityDo5TCvKMnpjKnOriy0w=="],

    "@types/bun": ["@types/bun@1.3.6", "", { "dependencies": { "bun-types": "1.3.6" } }, "sha512-uWCv6FO/8LcpREhenN1d1b6fcspAB+cefwD7uti8C8VffIv0Um08TKMn98FynpTiU38+y2dUO55T11NgDt8VAA=="],

    "@types/js-yaml": ["@types/js-yaml@4.0.9", "", {}, "sha512-k4MGaQl5TGo/iipqb2UDG2UwjXziSWkh0uysQelTlJpX1qGlpUZYm8PnO4DxG1qBomtJUdYJ6qR6xdIah10JLg=="],

    "@types/node": ["@types/node@25.0.9", "", { "dependencies": { "undici-types": "~7.16.0" } }, "sha512-/rpCXHlCWeqClNBwUhDcusJxXYDjZTyE8v5oTO7WbL8eij2nKhUeU89/6xgjU7N4/Vh3He0BtyhJdQbDyhiXAw=="],

    "@vercel/oidc": ["@vercel/oidc@3.1.0", "", {}, "sha512-Fw28YZpRnA3cAHHDlkt7xQHiJ0fcL+NRcIqsocZQUSmbzeIKRpwttJjik5ZGanXP+vlA4SbTg+AbA3bP363l+w=="],

    "ai": ["ai@6.0.39", "", { "dependencies": { "@ai-sdk/gateway": "3.0.16", "@ai-sdk/provider": "3.0.4", "@ai-sdk/provider-utils": "4.0.8", "@opentelemetry/api": "1.9.0" }, "peerDependencies": { "zod": "^3.25.76 || ^4.1.8" } }, "sha512-hF05gF4H+IxuilA8kNANVVHQXduTJsJaH74jmlmy8mcQt3NZgPYe2zZNyGBV4DPDYTUDt1h31hbLgQqJTn5LGA=="],

    "argparse": ["argparse@2.0.1", "", {}, "sha512-8+9WqebbFzpX9OR+Wa6O29asIogeRMzcGtAINdpMHHyAg10f05aSFVBbcEqGf/PXw1EjAZ+q2/bEBg3DvurK3Q=="],

    "bun-types": ["bun-types@1.3.6", "", { "dependencies": { "@types/node": "*" } }, "sha512-OlFwHcnNV99r//9v5IIOgQ9Uk37gZqrNMCcqEaExdkVq3Avwqok1bJFmvGMCkCE0FqzdY8VMOZpfpR3lwI+CsQ=="],

    "chokidar": ["chokidar@5.0.0", "", { "dependencies": { "readdirp": "^5.0.0" } }, "sha512-TQMmc3w+5AxjpL8iIiwebF73dRDF4fBIieAqGn9RGCWaEVwQ6Fb2cGe31Yns0RRIzii5goJ1Y7xbMwo1TxMplw=="],

    "eventsource-parser": ["eventsource-parser@3.0.6", "", {}, "sha512-Vo1ab+QXPzZ4tCa8SwIHJFaSzy4R6SHf7BY79rFBDf0idraZWAkYrDjDj8uWaSm3S2TK+hJ7/t1CEmZ7jXw+pg=="],

    "js-yaml": ["js-yaml@4.1.1", "", { "dependencies": { "argparse": "^2.0.1" }, "bin": { "js-yaml": "bin/js-yaml.js" } }, "sha512-qQKT4zQxXl8lLwBtHMWwaTcGfFOZviOJet3Oy/xmGk2gZH677CJM9EvtfdSkgWcATZhj/55JZ0rmy3myCT5lsA=="],

    "json-schema": ["json-schema@0.4.0", "", {}, "sha512-es94M3nTIfsEPisRafak+HDLfHXnKBhV3vU5eqPcS3flIWqcxJWgXHXiey3YrpaNsanY5ei1VoYEbOzijuq9BA=="],

    "readdirp": ["readdirp@5.0.0", "", {}, "sha512-9u/XQ1pvrQtYyMpZe7DXKv2p5CNvyVwzUB6uhLAnQwHMSgKMBR62lc7AHljaeteeHXn11XTAaLLUVZYVZyuRBQ=="],

    "undici-types": ["undici-types@7.16.0", "", {}, "sha512-Zz+aZWSj8LE6zoxD+xrjh4VfkIG8Ya6LvYkZqtUQGJPZjYl53ypCaUwWqo7eI0x66KBGeRo+mlBEkMSeSZ38Nw=="],

    "zod": ["zod@4.3.5", "", {}, "sha512-k7Nwx6vuWx1IJ9Bjuf4Zt1PEllcwe7cls3VNzm4CQ1/hgtFUK2bRNG3rvnpPUhFjmqJKAKtjV576KnUkHocg/g=="],
  }
}
